<?xml version="1.0" encoding="utf-8"?>
<Project ToolsVersion="4.0" xmlns="http://schemas.microsoft.com/developer/msbuild/2003">
  <ItemGroup>
    <Filter Include="源文件">
      <UniqueIdentifier>{4FC737F1-C7A5-4376-A066-2A32D752A2FF}</UniqueIdentifier>
      <Extensions>cpp;c;cc;cxx;def;odl;idl;hpj;bat;asm;asmx</Extensions>
    </Filter>
    <Filter Include="头文件">
      <UniqueIdentifier>{93995380-89BD-4b04-88EB-625FBE52EBFB}</UniqueIdentifier>
      <Extensions>h;hh;hpp;hxx;hm;inl;inc;ipp;xsd</Extensions>
    </Filter>
    <Filter Include="资源文件">
      <UniqueIdentifier>{67DA6AB6-F800-4c08-8B7A-83BB121AAD01}</UniqueIdentifier>
      <Extensions>rc;ico;cur;bmp;dlg;rc2;rct;bin;rgs;gif;jpg;jpeg;jpe;resx;tiff;tif;png;wav;mfcribbon-ms</Extensions>
    </Filter>
    <Filter Include="WebRtc">
      <UniqueIdentifier>{caa9e8ca-4314-476a-83c9-95d6f74ebc27}</UniqueIdentifier>
    </Filter>
    <Filter Include="WebRtc\include">
      <UniqueIdentifier>{7ae7d38d-935e-41ef-bc14-934338670f30}</UniqueIdentifier>
    </Filter>
  </ItemGroup>
  <ItemGroup>
    <ClInclude Include="stdafx.h">
      <Filter>头文件</Filter>
    </ClInclude>
    <ClInclude Include="targetver.h">
      <Filter>头文件</Filter>
    </ClInclude>
    <ClInclude Include="WebRTC\WebRtcSDK.h">
      <Filter>WebRtc</Filter>
    </ClInclude>
    <ClInclude Include="WebRTC\include\LiveEventInterface.h">
      <Filter>WebRtc\include</Filter>
    </ClInclude>
    <ClInclude Include="WebRTC\include\WebRtcSDKInterface.h">
      <Filter>WebRtc\include</Filter>
    </ClInclude>
    <ClInclude Include="WebRTC\live_sys.h">
      <Filter>头文件</Filter>
    </ClInclude>
    <ClInclude Include="thread_lock.h">
      <Filter>头文件</Filter>
    </ClInclude>
    <ClInclude Include="WebRTC\include\vlive_def.h">
      <Filter>WebRtc\include</Filter>
    </ClInclude>
    <ClInclude Include="CTaskEvent.h">
      <Filter>头文件</Filter>
    </ClInclude>
    <ClInclude Include="WebRTC\ffmpeg_demuxer.h">
      <Filter>头文件</Filter>
    </ClInclude>
    <ClInclude Include="SubScribeStreamManager.h">
      <Filter>头文件</Filter>
    </ClInclude>
    <ClInclude Include="WebRTC\vhall_sdk_log.h">
      <Filter>头文件</Filter>
    </ClInclude>
    <ClInclude Include="CAudioVolume.h">
      <Filter>头文件</Filter>
    </ClInclude>
    <ClInclude Include="WebRTC\pictureDecoder.h">
      <Filter>源文件</Filter>
    </ClInclude>
    <ClInclude Include="DevicesTool.h">
      <Filter>头文件</Filter>
    </ClInclude>
    <ClInclude Include="UnilityTool.h">
      <Filter>头文件</Filter>
    </ClInclude>
  </ItemGroup>
  <ItemGroup>
    <ClCompile Include="stdafx.cpp">
      <Filter>源文件</Filter>
    </ClCompile>
    <ClCompile Include="dllmain.cpp">
      <Filter>源文件</Filter>
    </ClCompile>
    <ClCompile Include="WebRTC\WebRtcSDK.cpp">
      <Filter>WebRtc</Filter>
    </ClCompile>
    <ClCompile Include="VhallWebRtcSDK.cpp">
      <Filter>源文件</Filter>
    </ClCompile>
    <ClCompile Include="WebRTC\live_sys.cpp">
      <Filter>源文件</Filter>
    </ClCompile>
    <ClCompile Include="thread_lock.cpp">
      <Filter>源文件</Filter>
    </ClCompile>
    <ClCompile Include="CTaskEvent.cpp">
      <Filter>源文件</Filter>
    </ClCompile>
    <ClCompile Include="WebRTC\ffmpeg_demuxer.cpp">
      <Filter>源文件</Filter>
    </ClCompile>
    <ClCompile Include="SubScribeStreamManager.cpp">
      <Filter>源文件</Filter>
    </ClCompile>
    <ClCompile Include="WebRTC\vhall_log.cpp">
      <Filter>源文件</Filter>
    </ClCompile>
    <ClCompile Include="CAudioVolume.cpp">
      <Filter>源文件</Filter>
    </ClCompile>
    <ClCompile Include="WebRTC\pictureDecoder.cpp">
      <Filter>源文件</Filter>
    </ClCompile>
    <ClCompile Include="DevicesTool.cpp">
      <Filter>源文件</Filter>
    </ClCompile>
    <ClCompile Include="UnilityTool.cpp">
      <Filter>源文件</Filter>
    </ClCompile>
  </ItemGroup>
</Project>